
Microsoft Visual Studio Solution File, Format Version 12.00
# Visual Studio Version 17
VisualStudioVersion = 17.1.32407.343
MinimumVisualStudioVersion = 10.0.40219.1
Project("{FAE04EC0-301F-11D3-BF4B-00C04F79EFBC}") = "Bekend", "Bekend\Bekend.csproj", "{298C1B46-DFA2-4BEB-88DB-2463F9D93EFE}"
EndProject
Project("{FAE04EC0-301F-11D3-BF4B-00C04F79EFBC}") = "BusinessLayer", "BusinessLayer\BusinessLayer.csproj", "{E0E8BC16-4F4F-45B4-9904-AB23AE3F27AA}"
EndProject
Project("{FAE04EC0-301F-11D3-BF4B-00C04F79EFBC}") = "Common", "Common\Common.csproj", "{F42F6FC6-1E1E-4EB5-B8BA-270CCCF52BB9}"
EndProject
Project("{FAE04EC0-301F-11D3-BF4B-00C04F79EFBC}") = "Contracts", "Contracts\Contracts.csproj", "{C42B7F6B-6E5D-4F94-B5F5-0A22F290225C}"
EndProject
Project("{FAE04EC0-301F-11D3-BF4B-00C04F79EFBC}") = "DataLayer", "DataLayer\DataLayer.csproj", "{0399D64E-12A5-40F3-A12A-218E525EF640}"
EndProject
Global
	GlobalSection(SolutionConfigurationPlatforms) = preSolution
		Debug|Any CPU = Debug|Any CPU
		Release|Any CPU = Release|Any CPU
	EndGlobalSection
	GlobalSection(ProjectConfigurationPlatforms) = postSolution
		{298C1B46-DFA2-4BEB-88DB-2463F9D93EFE}.Debug|Any CPU.ActiveCfg = Debug|Any CPU
		{298C1B46-DFA2-4BEB-88DB-2463F9D93EFE}.Debug|Any CPU.Build.0 = Debug|Any CPU
		{298C1B46-DFA2-4BEB-88DB-2463F9D93EFE}.Release|Any CPU.ActiveCfg = Release|Any CPU
		{298C1B46-DFA2-4BEB-88DB-2463F9D93EFE}.Release|Any CPU.Build.0 = Release|Any CPU
		{E0E8BC16-4F4F-45B4-9904-AB23AE3F27AA}.Debug|Any CPU.ActiveCfg = Debug|Any CPU
		{E0E8BC16-4F4F-45B4-9904-AB23AE3F27AA}.Debug|Any CPU.Build.0 = Debug|Any CPU
		{E0E8BC16-4F4F-45B4-9904-AB23AE3F27AA}.Release|Any CPU.ActiveCfg = Release|Any CPU
		{E0E8BC16-4F4F-45B4-9904-AB23AE3F27AA}.Release|Any CPU.Build.0 = Release|Any CPU
		{F42F6FC6-1E1E-4EB5-B8BA-270CCCF52BB9}.Debug|Any CPU.ActiveCfg = Debug|Any CPU
		{F42F6FC6-1E1E-4EB5-B8BA-270CCCF52BB9}.Debug|Any CPU.Build.0 = Debug|Any CPU
		{F42F6FC6-1E1E-4EB5-B8BA-270CCCF52BB9}.Release|Any CPU.ActiveCfg = Release|Any CPU
		{F42F6FC6-1E1E-4EB5-B8BA-270CCCF52BB9}.Release|Any CPU.Build.0 = Release|Any CPU
		{C42B7F6B-6E5D-4F94-B5F5-0A22F290225C}.Debug|Any CPU.ActiveCfg = Debug|Any CPU
		{C42B7F6B-6E5D-4F94-B5F5-0A22F290225C}.Debug|Any CPU.Build.0 = Debug|Any CPU
		{C42B7F6B-6E5D-4F94-B5F5-0A22F290225C}.Release|Any CPU.ActiveCfg = Release|Any CPU
		{C42B7F6B-6E5D-4F94-B5F5-0A22F290225C}.Release|Any CPU.Build.0 = Release|Any CPU
		{0399D64E-12A5-40F3-A12A-218E525EF640}.Debug|Any CPU.ActiveCfg = Debug|Any CPU
		{0399D64E-12A5-40F3-A12A-218E525EF640}.Debug|Any CPU.Build.0 = Debug|Any CPU
		{0399D64E-12A5-40F3-A12A-218E525EF640}.Release|Any CPU.ActiveCfg = Release|Any CPU
		{0399D64E-12A5-40F3-A12A-218E525EF640}.Release|Any CPU.Build.0 = Release|Any CPU
	EndGlobalSection
	GlobalSection(SolutionProperties) = preSolution
		HideSolutionNode = FALSE
	EndGlobalSection
	GlobalSection(ExtensibilityGlobals) = postSolution
		SolutionGuid = {BE5E614A-E1C3-4990-9CDE-358637E9D86F}
	EndGlobalSection
EndGlobal
